// !$*UTF8*$!
{
	archiveVersion = 1;
	classes = {
	};
	objectVersion = 50;
	objects = {

/* Begin PBXBuildFile section */
		153E5FA2213537E6003A3E95 /* AppDelegate.swift in Sources */ = {isa = PBXBuildFile; fileRef = 153E5FA1213537E6003A3E95 /* AppDelegate.swift */; };
		153E5FA4213537E6003A3E95 /* ViewController.swift in Sources */ = {isa = PBXBuildFile; fileRef = 153E5FA3213537E6003A3E95 /* ViewController.swift */; };
		153E5FA6213537E9003A3E95 /* Assets.xcassets in Resources */ = {isa = PBXBuildFile; fileRef = 153E5FA5213537E9003A3E95 /* Assets.xcassets */; };
		153E5FA9213537E9003A3E95 /* Main.storyboard in Resources */ = {isa = PBXBuildFile; fileRef = 153E5FA7213537E9003A3E95 /* Main.storyboard */; };
		15B6D43D226E268200DD729D /* DesignableWebView.swift in Sources */ = {isa = PBXBuildFile; fileRef = 15B6D43C226E268200DD729D /* DesignableWebView.swift */; };
		15B6D43F226E3F1100DD729D /* BaseView.swift in Sources */ = {isa = PBXBuildFile; fileRef = 15B6D43E226E3F1100DD729D /* BaseView.swift */; };
/* End PBXBuildFile section */

/* Begin PBXFileReference section */
		153E5F9E213537E6003A3E95 /* RandomAyah.app */ = {isa = PBXFileReference; explicitFileType = wrapper.application; includeInIndex = 0; path = RandomAyah.app; sourceTree = BUILT_PRODUCTS_DIR; };
		153E5FA1213537E6003A3E95 /* AppDelegate.swift */ = {isa = PBXFileReference; lastKnownFileType = sourcecode.swift; path = AppDelegate.swift; sourceTree = "<group>"; };
		153E5FA3213537E6003A3E95 /* ViewController.swift */ = {isa = PBXFileReference; lastKnownFileType = sourcecode.swift; path = ViewController.swift; sourceTree = "<group>"; };
		153E5FA5213537E9003A3E95 /* Assets.xcassets */ = {isa = PBXFileReference; lastKnownFileType = folder.assetcatalog; path = Assets.xcassets; sourceTree = "<group>"; };
		153E5FA8213537E9003A3E95 /* Base */ = {isa = PBXFileReference; lastKnownFileType = file.storyboard; name = Base; path = Base.lproj/Main.storyboard; sourceTree = "<group>"; };
		153E5FAA213537E9003A3E95 /* Info.plist */ = {isa = PBXFileReference; lastKnownFileType = text.plist.xml; path = Info.plist; sourceTree = "<group>"; };
		153E5FAB213537E9003A3E95 /* RandomAyah.entitlements */ = {isa = PBXFileReference; lastKnownFileType = text.plist.entitlements; path = RandomAyah.entitlements; sourceTree = "<group>"; };
		15B6D43C226E268200DD729D /* DesignableWebView.swift */ = {isa = PBXFileReference; lastKnownFileType = sourcecode.swift; path = DesignableWebView.swift; sourceTree = "<group>"; };
		15B6D43E226E3F1100DD729D /* BaseView.swift */ = {isa = PBXFileReference; lastKnownFileType = sourcecode.swift; path = BaseView.swift; sourceTree = "<group>"; };
/* End PBXFileReference section */

/* Begin PBXFrameworksBuildPhase section */
		153E5F9B213537E6003A3E95 /* Frameworks */ = {
			isa = PBXFrameworksBuildPhase;
			buildActionMask = 2147483647;
			files = (
			);
			runOnlyForDeploymentPostprocessing = 0;
		};
/* End PBXFrameworksBuildPhase section */

/* Begin PBXGroup section */
		153E5F95213537E6003A3E95 = {
			isa = PBXGroup;
			children = (
				153E5FA0213537E6003A3E95 /* RandomAyah */,
				153E5F9F213537E6003A3E95 /* Products */,
			);
			sourceTree = "<group>";
		};
		153E5F9F213537E6003A3E95 /* Products */ = {
			isa = PBXGroup;
			children = (
				153E5F9E213537E6003A3E95 /* RandomAyah.app */,
			);
			name = Products;
			sourceTree = "<group>";
		};
		153E5FA0213537E6003A3E95 /* RandomAyah */ = {
			isa = PBXGroup;
			children = (
				15B6D43A226E266000DD729D /* View */,
				153E5FA1213537E6003A3E95 /* AppDelegate.swift */,
				153E5FA3213537E6003A3E95 /* ViewController.swift */,
				153E5FA5213537E9003A3E95 /* Assets.xcassets */,
				153E5FA7213537E9003A3E95 /* Main.storyboard */,
				153E5FAA213537E9003A3E95 /* Info.plist */,
				153E5FAB213537E9003A3E95 /* RandomAyah.entitlements */,
			);
			path = RandomAyah;
			sourceTree = "<group>";
		};
		15B6D43A226E266000DD729D /* View */ = {
			isa = PBXGroup;
			children = (
				15B6D43B226E266C00DD729D /* Comps */,
			);
			path = View;
			sourceTree = "<group>";
		};
		15B6D43B226E266C00DD729D /* Comps */ = {
			isa = PBXGroup;
			children = (
				15B6D43C226E268200DD729D /* DesignableWebView.swift */,
				15B6D43E226E3F1100DD729D /* BaseView.swift */,
			);
			path = Comps;
			sourceTree = "<group>";
		};
/* End PBXGroup section */

/* Begin PBXNativeTarget section */
		153E5F9D213537E6003A3E95 /* RandomAyah */ = {
			isa = PBXNativeTarget;
			buildConfigurationList = 153E5FAE213537E9003A3E95 /* Build configuration list for PBXNativeTarget "RandomAyah" */;
			buildPhases = (
				153E5F9A213537E6003A3E95 /* Sources */,
				153E5F9B213537E6003A3E95 /* Frameworks */,
				153E5F9C213537E6003A3E95 /* Resources */,
			);
			buildRules = (
			);
			dependencies = (
			);
			name = RandomAyah;
			productName = RandomAyah;
			productReference = 153E5F9E213537E6003A3E95 /* RandomAyah.app */;
			productType = "com.apple.product-type.application";
		};
/* End PBXNativeTarget section */

/* Begin PBXProject section */
		153E5F96213537E6003A3E95 /* Project object */ = {
			isa = PBXProject;
			attributes = {
				LastSwiftUpdateCheck = 0940;
				LastUpgradeCheck = 0940;
				ORGANIZATIONNAME = "Zaid Pathan";
				TargetAttributes = {
					153E5F9D213537E6003A3E95 = {
						CreatedOnToolsVersion = 9.4;
						SystemCapabilities = {
							com.apple.Sandbox = {
								enabled = 0;
							};
						};
					};
				};
			};
			buildConfigurationList = 153E5F99213537E6003A3E95 /* Build configuration list for PBXProject "RandomAyah" */;
			compatibilityVersion = "Xcode 9.3";
			developmentRegion = en;
			hasScannedForEncodings = 0;
			knownRegions = (
				en,
				Base,
			);
			mainGroup = 153E5F95213537E6003A3E95;
			productRefGroup = 153E5F9F213537E6003A3E95 /* Products */;
			projectDirPath = "";
			projectRoot = "";
			targets = (
				153E5F9D213537E6003A3E95 /* RandomAyah */,
			);
		};
/* End PBXProject section */

/* Begin PBXResourcesBuildPhase section */
		153E5F9C213537E6003A3E95 /* Resources */ = {
			isa = PBXResourcesBuildPhase;
			buildActionMask = 2147483647;
			files = (
				153E5FA6213537E9003A3E95 /* Assets.xcassets in Resources */,
				153E5FA9213537E9003A3E95 /* Main.storyboard in Resources */,
			);
			runOnlyForDeploymentPostprocessing = 0;
		};
/* End PBXResourcesBuildPhase section */

/* Begin PBXSourcesBuildPhase section */
		153E5F9A213537E6003A3E95 /* Sources */ = {
			isa = PBXSourcesBuildPhase;
			buildActionMask = 2147483647;
			files = (
				153E5FA4213537E6003A3E95 /* ViewController.swift in Sources */,
				15B6D43D226E268200DD729D /* DesignableWebView.swift in Sources */,
				153E5FA2213537E6003A3E95 /* AppDelegate.swift in Sources */,
				15B6D43F226E3F1100DD729D /* BaseView.swift in Sources */,
			);
			runOnlyForDeploymentPostprocessing = 0;
		};
/* End PBXSourcesBuildPhase section */

/* Begin PBXVariantGroup section */
		153E5FA7213537E9003A3E95 /* Main.storyboard */ = {
			isa = PBXVariantGroup;
			children = (
				153E5FA8213537E9003A3E95 /* Base */,
			);
			name = Main.storyboard;
			sourceTree = "<group>";
		};
/* End PBXVariantGroup section */

/* Begin XCBuildConfiguration section */
		153E5FAC213537E9003A3E95 /* Debug */ = {
			isa = XCBuildConfiguration;
			buildSettings = {
				ALWAYS_SEARCH_USER_PATHS = NO;
				CLANG_ANALYZER_NONNULL = YES;
				CLANG_ANALYZER_NUMBER_OBJECT_CONVERSION = YES_AGGRESSIVE;
				CLANG_CXX_LANGUAGE_STANDARD = "gnu++14";
				CLANG_CXX_LIBRARY = "libc++";
				CLANG_ENABLE_MODULES = YES;
				CLANG_ENABLE_OBJC_ARC = YES;
				CLANG_ENABLE_OBJC_WEAK = YES;
				CLANG_WARN_BLOCK_CAPTURE_AUTORELEASING = YES;
				CLANG_WARN_BOOL_CONVERSION = YES;
				CLANG_WARN_COMMA = YES;
				CLANG_WARN_CONSTANT_CONVERSION = YES;
				CLANG_WARN_DEPRECATED_OBJC_IMPLEMENTATIONS = YES;
				CLANG_WARN_DIRECT_OBJC_ISA_USAGE = YES_ERROR;
				CLANG_WARN_DOCUMENTATION_COMMENTS = YES;
				CLANG_WARN_EMPTY_BODY = YES;
				CLANG_WARN_ENUM_CONVERSION = YES;
				CLANG_WARN_INFINITE_RECURSION = YES;
				CLANG_WARN_INT_CONVERSION = YES;
				CLANG_WARN_NON_LITERAL_NULL_CONVERSION = YES;
				CLANG_WARN_OBJC_IMPLICIT_RETAIN_SELF = YES;
				CLANG_WARN_OBJC_LITERAL_CONVERSION = YES;
				CLANG_WARN_OBJC_ROOT_CLASS = YES_ERROR;
				CLANG_WARN_RANGE_LOOP_ANALYSIS = YES;
				CLANG_WARN_STRICT_PROTOTYPES = YES;
				CLANG_WARN_SUSPICIOUS_MOVE = YES;
				CLANG_WARN_UNGUARDED_AVAILABILITY = YES_AGGRESSIVE;
				CLANG_WARN_UNREACHABLE_CODE = YES;
				CLANG_WARN__DUPLICATE_METHOD_MATCH = YES;
				CODE_SIGN_IDENTITY = "-";
				COPY_PHASE_STRIP = NO;
				DEBUG_INFORMATION_FORMAT = dwarf;
				ENABLE_STRICT_OBJC_MSGSEND = YES;
				ENABLE_TESTABILITY = YES;
				GCC_C_LANGUAGE_STANDARD = gnu11;
				GCC_DYNAMIC_NO_PIC = NO;
				GCC_NO_COMMON_BLOCKS = YES;
				GCC_OPTIMIZATION_LEVEL = 0;
				GCC_PREPROCESSOR_DEFINITIONS = (
					"DEBUG=1",
					"$(inherited)",
				);
				GCC_WARN_64_TO_32_BIT_CONVERSION = YES;
				GCC_WARN_ABOUT_RETURN_TYPE = YES_ERROR;
				GCC_WARN_UNDECLARED_SELECTOR = YES;
				GCC_WARN_UNINITIALIZED_AUTOS = YES_AGGRESSIVE;
				GCC_WARN_UNUSED_FUNCTION = YES;
				GCC_WARN_UNUSED_VARIABLE = YES;
				MACOSX_DEPLOYMENT_TARGET = 10.13;
				MTL_ENABLE_DEBUG_INFO = YES;
				ONLY_ACTIVE_ARCH = YES;
				SDKROOT = macosx;
				SWIFT_ACTIVE_COMPILATION_CONDITIONS = DEBUG;
				SWIFT_OPTIMIZATION_LEVEL = "-Onone";
			};
			name = Debug;
		};
		153E5FAD213537E9003A3E95 /* Release */ = {
			isa = XCBuildConfiguration;
			buildSettings = {
				ALWAYS_SEARCH_USER_PATHS = NO;
				CLANG_ANALYZER_NONNULL = YES;
				CLANG_ANALYZER_NUMBER_OBJECT_CONVERSION = YES_AGGRESSIVE;
				CLANG_CXX_LANGUAGE_STANDARD = "gnu++14";
				CLANG_CXX_LIBRARY = "libc++";
				CLANG_ENABLE_MODULES = YES;
				CLANG_ENABLE_OBJC_ARC = YES;
				CLANG_ENABLE_OBJC_WEAK = YES;
				CLANG_WARN_BLOCK_CAPTURE_AUTORELEASING = YES;
				CLANG_WARN_BOOL_CONVERSION = YES;
				CLANG_WARN_COMMA = YES;
				CLANG_WARN_CONSTANT_CONVERSION = YES;
				CLANG_WARN_DEPRECATED_OBJC_IMPLEMENTATIONS = YES;
				CLANG_WARN_DIRECT_OBJC_ISA_USAGE = YES_ERROR;
				CLANG_WARN_DOCUMENTATION_COMMENTS = YES;
				CLANG_WARN_EMPTY_BODY = YES;
				CLANG_WARN_ENUM_CONVERSION = YES;
				CLANG_WARN_INFINITE_RECURSION = YES;
				CLANG_WARN_INT_CONVERSION = YES;
				CLANG_WARN_NON_LITERAL_NULL_CONVERSION = YES;
				CLANG_WARN_OBJC_IMPLICIT_RETAIN_SELF = YES;
				CLANG_WARN_OBJC_LITERAL_CONVERSION = YES;
				CLANG_WARN_OBJC_ROOT_CLASS = YES_ERROR;
				CLANG_WARN_RANGE_LOOP_ANALYSIS = YES;
				CLANG_WARN_STRICT_PROTOTYPES = YES;
				CLANG_WARN_SUSPICIOUS_MOVE = YES;
				CLANG_WARN_UNGUARDED_AVAILABILITY = YES_AGGRESSIVE;
				CLANG_WARN_UNREACHABLE_CODE = YES;
				CLANG_WARN__DUPLICATE_METHOD_MATCH = YES;
				CODE_SIGN_IDENTITY = "-";
				COPY_PHASE_STRIP = NO;
				DEBUG_INFORMATION_FORMAT = "dwarf-with-dsym";
				ENABLE_NS_ASSERTIONS = NO;
				ENABLE_STRICT_OBJC_MSGSEND = YES;
				GCC_C_LANGUAGE_STANDARD = gnu11;
				GCC_NO_COMMON_BLOCKS = YES;
				GCC_WARN_64_TO_32_BIT_CONVERSION = YES;
				GCC_WARN_ABOUT_RETURN_TYPE = YES_ERROR;
				GCC_WARN_UNDECLARED_SELECTOR = YES;
				GCC_WARN_UNINITIALIZED_AUTOS = YES_AGGRESSIVE;
				GCC_WARN_UNUSED_FUNCTION = YES;
				GCC_WARN_UNUSED_VARIABLE = YES;
				MACOSX_DEPLOYMENT_TARGET = 10.13;
				MTL_ENABLE_DEBUG_INFO = NO;
				SDKROOT = macosx;
				SWIFT_COMPILATION_MODE = wholemodule;
				SWIFT_OPTIMIZATION_LEVEL = "-O";
			};
			name = Release;
		};
		153E5FAF213537E9003A3E95 /* Debug */ = {
			isa = XCBuildConfiguration;
			buildSettings = {
				ASSETCATALOG_COMPILER_APPICON_NAME = AppIcon;
				CODE_SIGN_STYLE = Automatic;
				COMBINE_HIDPI_IMAGES = YES;
				INFOPLIST_FILE = RandomAyah/Info.plist;
				LD_RUNPATH_SEARCH_PATHS = (
					"$(inherited)",
					"@executable_path/../Frameworks",
				);
				PRODUCT_BUNDLE_IDENTIFIER = com.ZaidPathan.RandomAyah;
				PRODUCT_NAME = "$(TARGET_NAME)";
				SWIFT_VERSION = 4.0;
			};
			name = Debug;
		};
		153E5FB0213537E9003A3E95 /* Release */ = {
			isa = XCBuildConfiguration;
			buildSettings = {
				ASSETCATALOG_COMPILER_APPICON_NAME = AppIcon;
				CODE_SIGN_STYLE = Automatic;
				COMBINE_HIDPI_IMAGES = YES;
				INFOPLIST_FILE = RandomAyah/Info.plist;
				LD_RUNPATH_SEARCH_PATHS = (
					"$(inherited)",
					"@executable_path/../Frameworks",
				);
				PRODUCT_BUNDLE_IDENTIFIER = com.ZaidPathan.RandomAyah;
				PRODUCT_NAME = "$(TARGET_NAME)";
				SWIFT_VERSION = 4.0;
			};
			name = Release;
		};
/* End XCBuildConfiguration section */

/* Begin XCConfigurationList section */
		153E5F99213537E6003A3E95 /* Build configuration list for PBXProject "RandomAyah" */ = {
			isa = XCConfigurationList;
			buildConfigurations = (
				153E5FAC213537E9003A3E95 /* Debug */,
				153E5FAD213537E9003A3E95 /* Release */,
			);
			defaultConfigurationIsVisible = 0;
			defaultConfigurationName = Release;
		};
		153E5FAE213537E9003A3E95 /* Build configuration list for PBXNativeTarget "RandomAyah" */ = {
			isa = XCConfigurationList;
			buildConfigurations = (
				153E5FAF213537E9003A3E95 /* Debug */,
				153E5FB0213537E9003A3E95 /* Release */,
			);
			defaultConfigurationIsVisible = 0;
			defaultConfigurationName = Release;
		};
/* End XCConfigurationList section */
	};
	rootObject = 153E5F96213537E6003A3E95 /* Project object */;
}
